
Microsoft Visual Studio Solution File, Format Version 12.00
# Visual Studio 15
VisualStudioVersion = 15.0.27428.2005
MinimumVisualStudioVersion = 10.0.40219.1
Project("{FAE04EC0-301F-11D3-BF4B-00C04F79EFBC}") = "DAHO.KlarupSportsBooking.DateAccessLayer", "DAHO.KlarupSportsBooking.DateAccessLayer\DAHO.KlarupSportsBooking.DateAccessLayer.csproj", "{74AA82CC-E17E-488A-9D7F-13B3BF0A5469}"
EndProject
Project("{FAE04EC0-301F-11D3-BF4B-00C04F79EFBC}") = "DAHO.KlarupSportsBooking.GUI", "DAHO.KlarupSportsBooking.GUI\DAHO.KlarupSportsBooking.GUI.csproj", "{387AD7CF-58B3-457B-A798-A08030FB0FDA}"
EndProject
Project("{FAE04EC0-301F-11D3-BF4B-00C04F79EFBC}") = "DAHO.KlarupSportsBooking.BusinessLayer", "DAHO.KlarupSportsBooking.BusinessLayer\DAHO.KlarupSportsBooking.BusinessLayer.csproj", "{A89A52D2-D7CA-4AA2-9147-B30AC69B7832}"
EndProject
Project("{FAE04EC0-301F-11D3-BF4B-00C04F79EFBC}") = "DAHO.KlarupSportsBooking.Server", "DAHO.KlarupSportsBooking.Server\DAHO.KlarupSportsBooking.Server.csproj", "{C2142379-15D3-47CB-8AF2-3B5F8B4D735A}"
EndProject
Project("{FAE04EC0-301F-11D3-BF4B-00C04F79EFBC}") = "DAHO.KlarupSportsBooking.BusinessLayerTests", "DAHO.KlarupSportsBooking.BusinessLayerTests\DAHO.KlarupSportsBooking.BusinessLayerTests.csproj", "{B5A8F35E-C4F0-4513-BA24-30479B41D0C4}"
EndProject
Global
	GlobalSection(SolutionConfigurationPlatforms) = preSolution
		Debug|Any CPU = Debug|Any CPU
		Release|Any CPU = Release|Any CPU
	EndGlobalSection
	GlobalSection(ProjectConfigurationPlatforms) = postSolution
		{74AA82CC-E17E-488A-9D7F-13B3BF0A5469}.Debug|Any CPU.ActiveCfg = Debug|Any CPU
		{74AA82CC-E17E-488A-9D7F-13B3BF0A5469}.Debug|Any CPU.Build.0 = Debug|Any CPU
		{74AA82CC-E17E-488A-9D7F-13B3BF0A5469}.Release|Any CPU.ActiveCfg = Release|Any CPU
		{74AA82CC-E17E-488A-9D7F-13B3BF0A5469}.Release|Any CPU.Build.0 = Release|Any CPU
		{387AD7CF-58B3-457B-A798-A08030FB0FDA}.Debug|Any CPU.ActiveCfg = Debug|Any CPU
		{387AD7CF-58B3-457B-A798-A08030FB0FDA}.Debug|Any CPU.Build.0 = Debug|Any CPU
		{387AD7CF-58B3-457B-A798-A08030FB0FDA}.Release|Any CPU.ActiveCfg = Release|Any CPU
		{387AD7CF-58B3-457B-A798-A08030FB0FDA}.Release|Any CPU.Build.0 = Release|Any CPU
		{A89A52D2-D7CA-4AA2-9147-B30AC69B7832}.Debug|Any CPU.ActiveCfg = Debug|Any CPU
		{A89A52D2-D7CA-4AA2-9147-B30AC69B7832}.Debug|Any CPU.Build.0 = Debug|Any CPU
		{A89A52D2-D7CA-4AA2-9147-B30AC69B7832}.Release|Any CPU.ActiveCfg = Release|Any CPU
		{A89A52D2-D7CA-4AA2-9147-B30AC69B7832}.Release|Any CPU.Build.0 = Release|Any CPU
		{C2142379-15D3-47CB-8AF2-3B5F8B4D735A}.Debug|Any CPU.ActiveCfg = Debug|Any CPU
		{C2142379-15D3-47CB-8AF2-3B5F8B4D735A}.Debug|Any CPU.Build.0 = Debug|Any CPU
		{C2142379-15D3-47CB-8AF2-3B5F8B4D735A}.Release|Any CPU.ActiveCfg = Release|Any CPU
		{C2142379-15D3-47CB-8AF2-3B5F8B4D735A}.Release|Any CPU.Build.0 = Release|Any CPU
		{B5A8F35E-C4F0-4513-BA24-30479B41D0C4}.Debug|Any CPU.ActiveCfg = Debug|Any CPU
		{B5A8F35E-C4F0-4513-BA24-30479B41D0C4}.Debug|Any CPU.Build.0 = Debug|Any CPU
		{B5A8F35E-C4F0-4513-BA24-30479B41D0C4}.Release|Any CPU.ActiveCfg = Release|Any CPU
		{B5A8F35E-C4F0-4513-BA24-30479B41D0C4}.Release|Any CPU.Build.0 = Release|Any CPU
	EndGlobalSection
	GlobalSection(SolutionProperties) = preSolution
		HideSolutionNode = FALSE
	EndGlobalSection
	GlobalSection(ExtensibilityGlobals) = postSolution
		SolutionGuid = {BD51BD13-6C4B-4D9E-9978-25D6F4AA9F09}
	EndGlobalSection
EndGlobal
